
Microsoft Visual Studio Solution File, Format Version 12.00
# Visual Studio Version 17
VisualStudioVersion = 17.6.33829.357
MinimumVisualStudioVersion = 10.0.40219.1
Project("{9A19103F-16F7-4668-BE54-9A1E7A4F7556}") = "Service", "Service\Service.csproj", "{DAE8331A-743F-4536-B7C0-B1271153AB72}"
EndProject
Project("{9A19103F-16F7-4668-BE54-9A1E7A4F7556}") = "PlainHttpClient", "PlainHttpClient\PlainHttpClient.csproj", "{5AAD57A0-BDDD-4A8F-B8E3-610AB6997E53}"
EndProject
Project("{9A19103F-16F7-4668-BE54-9A1E7A4F7556}") = "RestSharpClient", "RestSharpClient\RestSharpClient.csproj", "{CEA4352B-6508-49A2-8EE7-CED4F857C677}"
EndProject
Project("{9A19103F-16F7-4668-BE54-9A1E7A4F7556}") = "RefitClient", "RefitClient\RefitClient.csproj", "{B5374731-5DE7-4710-8555-D53846ACEA83}"
EndProject
Project("{FAE04EC0-301F-11D3-BF4B-00C04F79EFBC}") = "Performance", "Performance\Performance.csproj", "{76D13E18-E9A2-49F8-A694-B2E88E7C8322}"
EndProject
Global
	GlobalSection(SolutionConfigurationPlatforms) = preSolution
		Debug|Any CPU = Debug|Any CPU
		Release|Any CPU = Release|Any CPU
	EndGlobalSection
	GlobalSection(ProjectConfigurationPlatforms) = postSolution
		{DAE8331A-743F-4536-B7C0-B1271153AB72}.Debug|Any CPU.ActiveCfg = Debug|Any CPU
		{DAE8331A-743F-4536-B7C0-B1271153AB72}.Debug|Any CPU.Build.0 = Debug|Any CPU
		{DAE8331A-743F-4536-B7C0-B1271153AB72}.Release|Any CPU.ActiveCfg = Release|Any CPU
		{DAE8331A-743F-4536-B7C0-B1271153AB72}.Release|Any CPU.Build.0 = Release|Any CPU
		{5AAD57A0-BDDD-4A8F-B8E3-610AB6997E53}.Debug|Any CPU.ActiveCfg = Debug|Any CPU
		{5AAD57A0-BDDD-4A8F-B8E3-610AB6997E53}.Debug|Any CPU.Build.0 = Debug|Any CPU
		{5AAD57A0-BDDD-4A8F-B8E3-610AB6997E53}.Release|Any CPU.ActiveCfg = Release|Any CPU
		{5AAD57A0-BDDD-4A8F-B8E3-610AB6997E53}.Release|Any CPU.Build.0 = Release|Any CPU
		{CEA4352B-6508-49A2-8EE7-CED4F857C677}.Debug|Any CPU.ActiveCfg = Debug|Any CPU
		{CEA4352B-6508-49A2-8EE7-CED4F857C677}.Debug|Any CPU.Build.0 = Debug|Any CPU
		{CEA4352B-6508-49A2-8EE7-CED4F857C677}.Release|Any CPU.ActiveCfg = Release|Any CPU
		{CEA4352B-6508-49A2-8EE7-CED4F857C677}.Release|Any CPU.Build.0 = Release|Any CPU
		{B5374731-5DE7-4710-8555-D53846ACEA83}.Debug|Any CPU.ActiveCfg = Debug|Any CPU
		{B5374731-5DE7-4710-8555-D53846ACEA83}.Debug|Any CPU.Build.0 = Debug|Any CPU
		{B5374731-5DE7-4710-8555-D53846ACEA83}.Release|Any CPU.ActiveCfg = Release|Any CPU
		{B5374731-5DE7-4710-8555-D53846ACEA83}.Release|Any CPU.Build.0 = Release|Any CPU
		{76D13E18-E9A2-49F8-A694-B2E88E7C8322}.Debug|Any CPU.ActiveCfg = Debug|Any CPU
		{76D13E18-E9A2-49F8-A694-B2E88E7C8322}.Debug|Any CPU.Build.0 = Debug|Any CPU
		{76D13E18-E9A2-49F8-A694-B2E88E7C8322}.Release|Any CPU.ActiveCfg = Release|Any CPU
		{76D13E18-E9A2-49F8-A694-B2E88E7C8322}.Release|Any CPU.Build.0 = Release|Any CPU
	EndGlobalSection
	GlobalSection(SolutionProperties) = preSolution
		HideSolutionNode = FALSE
	EndGlobalSection
	GlobalSection(ExtensibilityGlobals) = postSolution
		SolutionGuid = {B2C730B0-CD3F-4C83-89A0-4202660230CD}
	EndGlobalSection
EndGlobal
